// !$*UTF8*$!
{
	archiveVersion = 1;
	classes = {
	};
	objectVersion = 51;
	objects = {

/* Begin PBXBuildFile section */
		2E0B602A20611D6057F90181 /* Pods_RobustaTask.framework in Frameworks */ = {isa = PBXBuildFile; fileRef = CF71DAC9062275B3E8B76374 /* Pods_RobustaTask.framework */; };
		504E3514330723C51719EE2C /* Pods_RobustaTaskTests.framework in Frameworks */ = {isa = PBXBuildFile; fileRef = EC5B437238AA85B318AF3C0D /* Pods_RobustaTaskTests.framework */; };
		86AAC0352633F0F5000212E7 /* AppDelegate.swift in Sources */ = {isa = PBXBuildFile; fileRef = 86AAC0342633F0F5000212E7 /* AppDelegate.swift */; };
		86AAC0372633F0F5000212E7 /* SceneDelegate.swift in Sources */ = {isa = PBXBuildFile; fileRef = 86AAC0362633F0F5000212E7 /* SceneDelegate.swift */; };
		86AAC03E2633F0F8000212E7 /* Assets.xcassets in Resources */ = {isa = PBXBuildFile; fileRef = 86AAC03D2633F0F8000212E7 /* Assets.xcassets */; };
		86AAC0412633F0F8000212E7 /* LaunchScreen.storyboard in Resources */ = {isa = PBXBuildFile; fileRef = 86AAC03F2633F0F8000212E7 /* LaunchScreen.storyboard */; };
		86AAC04C2633F0F9000212E7 /* RobustaTaskTests.swift in Sources */ = {isa = PBXBuildFile; fileRef = 86AAC04B2633F0F9000212E7 /* RobustaTaskTests.swift */; };
		86AAC0572633F0F9000212E7 /* RobustaTaskUITests.swift in Sources */ = {isa = PBXBuildFile; fileRef = 86AAC0562633F0F9000212E7 /* RobustaTaskUITests.swift */; };
		86AAC08B2633FC71000212E7 /* Item.swift in Sources */ = {isa = PBXBuildFile; fileRef = 86AAC08A2633FC71000212E7 /* Item.swift */; };
		86AAC0932633FC96000212E7 /* Owner.swift in Sources */ = {isa = PBXBuildFile; fileRef = 86AAC0922633FC96000212E7 /* Owner.swift */; };
		86AAC0982633FCD8000212E7 /* TypeEnum.swift in Sources */ = {isa = PBXBuildFile; fileRef = 86AAC0972633FCD8000212E7 /* TypeEnum.swift */; };
		86AAC09D2633FE2A000212E7 /* License.swift in Sources */ = {isa = PBXBuildFile; fileRef = 86AAC09C2633FE2A000212E7 /* License.swift */; };
		86AAC0A22633FE4C000212E7 /* RepoSearchResponse.swift in Sources */ = {isa = PBXBuildFile; fileRef = 86AAC0A12633FE4C000212E7 /* RepoSearchResponse.swift */; };
		86AAC0A726340677000212E7 /* NetworkManager.swift in Sources */ = {isa = PBXBuildFile; fileRef = 86AAC0A626340677000212E7 /* NetworkManager.swift */; };
		86AAC0AC263406B2000212E7 /* JSON Coding.swift in Sources */ = {isa = PBXBuildFile; fileRef = 86AAC0AB263406B2000212E7 /* JSON Coding.swift */; };
		86AAC0B1263406CB000212E7 /* AppError.swift in Sources */ = {isa = PBXBuildFile; fileRef = 86AAC0B0263406CB000212E7 /* AppError.swift */; };
		86AAC0B62634083F000212E7 /* Container.swift in Sources */ = {isa = PBXBuildFile; fileRef = 86AAC0B52634083F000212E7 /* Container.swift */; };
		86AAC0DD26343B74000212E7 /* RepositoriesViewController.swift in Sources */ = {isa = PBXBuildFile; fileRef = 86AAC0DB26343B74000212E7 /* RepositoriesViewController.swift */; };
		86AAC0DE26343B74000212E7 /* RepositoriesViewController.xib in Resources */ = {isa = PBXBuildFile; fileRef = 86AAC0DC26343B74000212E7 /* RepositoriesViewController.xib */; };
		86AAC0E326344021000212E7 /* RepositoriesPresenter.swift in Sources */ = {isa = PBXBuildFile; fileRef = 86AAC0E226344021000212E7 /* RepositoriesPresenter.swift */; };
		86AAC0E82634403C000212E7 /* RepositoriesRouter.swift in Sources */ = {isa = PBXBuildFile; fileRef = 86AAC0E72634403C000212E7 /* RepositoriesRouter.swift */; };
		86AAC0ED26344187000212E7 /* RepositoriesInteractor.swift in Sources */ = {isa = PBXBuildFile; fileRef = 86AAC0EC26344187000212E7 /* RepositoriesInteractor.swift */; };
		86AAC0F2263441A3000212E7 /* RepositoriesContract.swift in Sources */ = {isa = PBXBuildFile; fileRef = 86AAC0F1263441A3000212E7 /* RepositoriesContract.swift */; };
		86AAC0F7263441F3000212E7 /* Repository.swift in Sources */ = {isa = PBXBuildFile; fileRef = 86AAC0F6263441F3000212E7 /* Repository.swift */; };
		86AAC0FC2634420A000212E7 /* RepositoryOwner.swift in Sources */ = {isa = PBXBuildFile; fileRef = 86AAC0FB2634420A000212E7 /* RepositoryOwner.swift */; };
		86AAC10326344A28000212E7 /* RepositoryCell.swift in Sources */ = {isa = PBXBuildFile; fileRef = 86AAC10126344A28000212E7 /* RepositoryCell.swift */; };
		86AAC10426344A28000212E7 /* RepositoryCell.xib in Resources */ = {isa = PBXBuildFile; fileRef = 86AAC10226344A28000212E7 /* RepositoryCell.xib */; };
		86AAC10C26344B02000212E7 /* UIImage+Extensions.swift in Sources */ = {isa = PBXBuildFile; fileRef = 86AAC10B26344B02000212E7 /* UIImage+Extensions.swift */; };
		86AAC11126344BAF000212E7 /* UITableView+Extensions.swift in Sources */ = {isa = PBXBuildFile; fileRef = 86AAC11026344BAF000212E7 /* UITableView+Extensions.swift */; };
		86AAC117263454FF000212E7 /* RepositoryDetailsViewController.swift in Sources */ = {isa = PBXBuildFile; fileRef = 86AAC115263454FF000212E7 /* RepositoryDetailsViewController.swift */; };
		86AAC118263454FF000212E7 /* RepositoryDetailsViewController.xib in Resources */ = {isa = PBXBuildFile; fileRef = 86AAC116263454FF000212E7 /* RepositoryDetailsViewController.xib */; };
		86AAC11D26345540000212E7 /* RepositoryDetailsPresenter.swift in Sources */ = {isa = PBXBuildFile; fileRef = 86AAC11C26345540000212E7 /* RepositoryDetailsPresenter.swift */; };
		86AAC12226345562000212E7 /* RepositoryDetailsInteractor.swift in Sources */ = {isa = PBXBuildFile; fileRef = 86AAC12126345562000212E7 /* RepositoryDetailsInteractor.swift */; };
		86AAC12726345572000212E7 /* RepositoryDetailsRouter.swift in Sources */ = {isa = PBXBuildFile; fileRef = 86AAC12626345572000212E7 /* RepositoryDetailsRouter.swift */; };
		86AAC12C26345588000212E7 /* RepositoryDetailsContract.swift in Sources */ = {isa = PBXBuildFile; fileRef = 86AAC12B26345588000212E7 /* RepositoryDetailsContract.swift */; };
		86AAC1332634625B000212E7 /* EmptyCell.swift in Sources */ = {isa = PBXBuildFile; fileRef = 86AAC1312634625B000212E7 /* EmptyCell.swift */; };
		86AAC1342634625B000212E7 /* EmptyCell.xib in Resources */ = {isa = PBXBuildFile; fileRef = 86AAC1322634625B000212E7 /* EmptyCell.xib */; };
		86AAC14426347098000212E7 /* StorageManager.swift in Sources */ = {isa = PBXBuildFile; fileRef = 86AAC14326347098000212E7 /* StorageManager.swift */; };
		8F8266172C7E9EE2A6B684F8 /* Pods_RobustaTask_RobustaTaskUITests.framework in Frameworks */ = {isa = PBXBuildFile; fileRef = 6BF5E1149EF26F171643B837 /* Pods_RobustaTask_RobustaTaskUITests.framework */; };
/* End PBXBuildFile section */

/* Begin PBXContainerItemProxy section */
		86AAC0482633F0F9000212E7 /* PBXContainerItemProxy */ = {
			isa = PBXContainerItemProxy;
			containerPortal = 86AAC0292633F0F5000212E7 /* Project object */;
			proxyType = 1;
			remoteGlobalIDString = 86AAC0302633F0F5000212E7;
			remoteInfo = RobustaTask;
		};
		86AAC0532633F0F9000212E7 /* PBXContainerItemProxy */ = {
			isa = PBXContainerItemProxy;
			containerPortal = 86AAC0292633F0F5000212E7 /* Project object */;
			proxyType = 1;
			remoteGlobalIDString = 86AAC0302633F0F5000212E7;
			remoteInfo = RobustaTask;
		};
/* End PBXContainerItemProxy section */

/* Begin PBXFileReference section */
		01F7CF48357CA12E0B22F328 /* Pods-RobustaTask.release.xcconfig */ = {isa = PBXFileReference; includeInIndex = 1; lastKnownFileType = text.xcconfig; name = "Pods-RobustaTask.release.xcconfig"; path = "Target Support Files/Pods-RobustaTask/Pods-RobustaTask.release.xcconfig"; sourceTree = "<group>"; };
		3CFBCBBB5E25DD3934F39F8D /* Pods-RobustaTaskTests.release.xcconfig */ = {isa = PBXFileReference; includeInIndex = 1; lastKnownFileType = text.xcconfig; name = "Pods-RobustaTaskTests.release.xcconfig"; path = "Target Support Files/Pods-RobustaTaskTests/Pods-RobustaTaskTests.release.xcconfig"; sourceTree = "<group>"; };
		6BF5E1149EF26F171643B837 /* Pods_RobustaTask_RobustaTaskUITests.framework */ = {isa = PBXFileReference; explicitFileType = wrapper.framework; includeInIndex = 0; path = Pods_RobustaTask_RobustaTaskUITests.framework; sourceTree = BUILT_PRODUCTS_DIR; };
		7D52D80C34575E626DEB824C /* Pods-RobustaTask-RobustaTaskUITests.release.xcconfig */ = {isa = PBXFileReference; includeInIndex = 1; lastKnownFileType = text.xcconfig; name = "Pods-RobustaTask-RobustaTaskUITests.release.xcconfig"; path = "Target Support Files/Pods-RobustaTask-RobustaTaskUITests/Pods-RobustaTask-RobustaTaskUITests.release.xcconfig"; sourceTree = "<group>"; };
		7F246F05459971B295390282 /* Pods-RobustaTask-RobustaTaskUITests.debug.xcconfig */ = {isa = PBXFileReference; includeInIndex = 1; lastKnownFileType = text.xcconfig; name = "Pods-RobustaTask-RobustaTaskUITests.debug.xcconfig"; path = "Target Support Files/Pods-RobustaTask-RobustaTaskUITests/Pods-RobustaTask-RobustaTaskUITests.debug.xcconfig"; sourceTree = "<group>"; };
		86AAC0312633F0F5000212E7 /* RobustaTask.app */ = {isa = PBXFileReference; explicitFileType = wrapper.application; includeInIndex = 0; path = RobustaTask.app; sourceTree = BUILT_PRODUCTS_DIR; };
		86AAC0342633F0F5000212E7 /* AppDelegate.swift */ = {isa = PBXFileReference; lastKnownFileType = sourcecode.swift; path = AppDelegate.swift; sourceTree = "<group>"; };
		86AAC0362633F0F5000212E7 /* SceneDelegate.swift */ = {isa = PBXFileReference; lastKnownFileType = sourcecode.swift; path = SceneDelegate.swift; sourceTree = "<group>"; };
		86AAC03D2633F0F8000212E7 /* Assets.xcassets */ = {isa = PBXFileReference; lastKnownFileType = folder.assetcatalog; path = Assets.xcassets; sourceTree = "<group>"; };
		86AAC0402633F0F8000212E7 /* Base */ = {isa = PBXFileReference; lastKnownFileType = file.storyboard; name = Base; path = Base.lproj/LaunchScreen.storyboard; sourceTree = "<group>"; };
		86AAC0422633F0F8000212E7 /* Info.plist */ = {isa = PBXFileReference; lastKnownFileType = text.plist.xml; path = Info.plist; sourceTree = "<group>"; };
		86AAC0472633F0F9000212E7 /* RobustaTaskTests.xctest */ = {isa = PBXFileReference; explicitFileType = wrapper.cfbundle; includeInIndex = 0; path = RobustaTaskTests.xctest; sourceTree = BUILT_PRODUCTS_DIR; };
		86AAC04B2633F0F9000212E7 /* RobustaTaskTests.swift */ = {isa = PBXFileReference; lastKnownFileType = sourcecode.swift; path = RobustaTaskTests.swift; sourceTree = "<group>"; };
		86AAC04D2633F0F9000212E7 /* Info.plist */ = {isa = PBXFileReference; lastKnownFileType = text.plist.xml; path = Info.plist; sourceTree = "<group>"; };
		86AAC0522633F0F9000212E7 /* RobustaTaskUITests.xctest */ = {isa = PBXFileReference; explicitFileType = wrapper.cfbundle; includeInIndex = 0; path = RobustaTaskUITests.xctest; sourceTree = BUILT_PRODUCTS_DIR; };
		86AAC0562633F0F9000212E7 /* RobustaTaskUITests.swift */ = {isa = PBXFileReference; lastKnownFileType = sourcecode.swift; path = RobustaTaskUITests.swift; sourceTree = "<group>"; };
		86AAC0582633F0F9000212E7 /* Info.plist */ = {isa = PBXFileReference; lastKnownFileType = text.plist.xml; path = Info.plist; sourceTree = "<group>"; };
		86AAC08A2633FC71000212E7 /* Item.swift */ = {isa = PBXFileReference; lastKnownFileType = sourcecode.swift; path = Item.swift; sourceTree = "<group>"; };
		86AAC0922633FC96000212E7 /* Owner.swift */ = {isa = PBXFileReference; lastKnownFileType = sourcecode.swift; path = Owner.swift; sourceTree = "<group>"; };
		86AAC0972633FCD8000212E7 /* TypeEnum.swift */ = {isa = PBXFileReference; lastKnownFileType = sourcecode.swift; path = TypeEnum.swift; sourceTree = "<group>"; };
		86AAC09C2633FE2A000212E7 /* License.swift */ = {isa = PBXFileReference; lastKnownFileType = sourcecode.swift; path = License.swift; sourceTree = "<group>"; };
		86AAC0A12633FE4C000212E7 /* RepoSearchResponse.swift */ = {isa = PBXFileReference; lastKnownFileType = sourcecode.swift; path = RepoSearchResponse.swift; sourceTree = "<group>"; };
		86AAC0A626340677000212E7 /* NetworkManager.swift */ = {isa = PBXFileReference; lastKnownFileType = sourcecode.swift; path = NetworkManager.swift; sourceTree = "<group>"; };
		86AAC0AB263406B2000212E7 /* JSON Coding.swift */ = {isa = PBXFileReference; lastKnownFileType = sourcecode.swift; path = "JSON Coding.swift"; sourceTree = "<group>"; };
		86AAC0B0263406CB000212E7 /* AppError.swift */ = {isa = PBXFileReference; lastKnownFileType = sourcecode.swift; path = AppError.swift; sourceTree = "<group>"; };
		86AAC0B52634083F000212E7 /* Container.swift */ = {isa = PBXFileReference; lastKnownFileType = sourcecode.swift; path = Container.swift; sourceTree = "<group>"; };
		86AAC0DB26343B74000212E7 /* RepositoriesViewController.swift */ = {isa = PBXFileReference; lastKnownFileType = sourcecode.swift; path = RepositoriesViewController.swift; sourceTree = "<group>"; };
		86AAC0DC26343B74000212E7 /* RepositoriesViewController.xib */ = {isa = PBXFileReference; lastKnownFileType = file.xib; path = RepositoriesViewController.xib; sourceTree = "<group>"; };
		86AAC0E226344021000212E7 /* RepositoriesPresenter.swift */ = {isa = PBXFileReference; lastKnownFileType = sourcecode.swift; path = RepositoriesPresenter.swift; sourceTree = "<group>"; };
		86AAC0E72634403C000212E7 /* RepositoriesRouter.swift */ = {isa = PBXFileReference; lastKnownFileType = sourcecode.swift; path = RepositoriesRouter.swift; sourceTree = "<group>"; };
		86AAC0EC26344187000212E7 /* RepositoriesInteractor.swift */ = {isa = PBXFileReference; lastKnownFileType = sourcecode.swift; path = RepositoriesInteractor.swift; sourceTree = "<group>"; };
		86AAC0F1263441A3000212E7 /* RepositoriesContract.swift */ = {isa = PBXFileReference; lastKnownFileType = sourcecode.swift; path = RepositoriesContract.swift; sourceTree = "<group>"; };
		86AAC0F6263441F3000212E7 /* Repository.swift */ = {isa = PBXFileReference; lastKnownFileType = sourcecode.swift; path = Repository.swift; sourceTree = "<group>"; };
		86AAC0FB2634420A000212E7 /* RepositoryOwner.swift */ = {isa = PBXFileReference; lastKnownFileType = sourcecode.swift; path = RepositoryOwner.swift; sourceTree = "<group>"; };
		86AAC10126344A28000212E7 /* RepositoryCell.swift */ = {isa = PBXFileReference; lastKnownFileType = sourcecode.swift; path = RepositoryCell.swift; sourceTree = "<group>"; };
		86AAC10226344A28000212E7 /* RepositoryCell.xib */ = {isa = PBXFileReference; lastKnownFileType = file.xib; path = RepositoryCell.xib; sourceTree = "<group>"; };
		86AAC10B26344B02000212E7 /* UIImage+Extensions.swift */ = {isa = PBXFileReference; lastKnownFileType = sourcecode.swift; path = "UIImage+Extensions.swift"; sourceTree = "<group>"; };
		86AAC11026344BAF000212E7 /* UITableView+Extensions.swift */ = {isa = PBXFileReference; lastKnownFileType = sourcecode.swift; path = "UITableView+Extensions.swift"; sourceTree = "<group>"; };
		86AAC115263454FF000212E7 /* RepositoryDetailsViewController.swift */ = {isa = PBXFileReference; lastKnownFileType = sourcecode.swift; path = RepositoryDetailsViewController.swift; sourceTree = "<group>"; };
		86AAC116263454FF000212E7 /* RepositoryDetailsViewController.xib */ = {isa = PBXFileReference; lastKnownFileType = file.xib; path = RepositoryDetailsViewController.xib; sourceTree = "<group>"; };
		86AAC11C26345540000212E7 /* RepositoryDetailsPresenter.swift */ = {isa = PBXFileReference; lastKnownFileType = sourcecode.swift; path = RepositoryDetailsPresenter.swift; sourceTree = "<group>"; };
		86AAC12126345562000212E7 /* RepositoryDetailsInteractor.swift */ = {isa = PBXFileReference; lastKnownFileType = sourcecode.swift; path = RepositoryDetailsInteractor.swift; sourceTree = "<group>"; };
		86AAC12626345572000212E7 /* RepositoryDetailsRouter.swift */ = {isa = PBXFileReference; lastKnownFileType = sourcecode.swift; path = RepositoryDetailsRouter.swift; sourceTree = "<group>"; };
		86AAC12B26345588000212E7 /* RepositoryDetailsContract.swift */ = {isa = PBXFileReference; lastKnownFileType = sourcecode.swift; path = RepositoryDetailsContract.swift; sourceTree = "<group>"; };
		86AAC1312634625B000212E7 /* EmptyCell.swift */ = {isa = PBXFileReference; lastKnownFileType = sourcecode.swift; path = EmptyCell.swift; sourceTree = "<group>"; };
		86AAC1322634625B000212E7 /* EmptyCell.xib */ = {isa = PBXFileReference; lastKnownFileType = file.xib; path = EmptyCell.xib; sourceTree = "<group>"; };
		86AAC14326347098000212E7 /* StorageManager.swift */ = {isa = PBXFileReference; lastKnownFileType = sourcecode.swift; path = StorageManager.swift; sourceTree = "<group>"; };
		92753A04C671BAE0F0BE6A28 /* Pods-RobustaTask.debug.xcconfig */ = {isa = PBXFileReference; includeInIndex = 1; lastKnownFileType = text.xcconfig; name = "Pods-RobustaTask.debug.xcconfig"; path = "Target Support Files/Pods-RobustaTask/Pods-RobustaTask.debug.xcconfig"; sourceTree = "<group>"; };
		CF71DAC9062275B3E8B76374 /* Pods_RobustaTask.framework */ = {isa = PBXFileReference; explicitFileType = wrapper.framework; includeInIndex = 0; path = Pods_RobustaTask.framework; sourceTree = BUILT_PRODUCTS_DIR; };
		EC5B437238AA85B318AF3C0D /* Pods_RobustaTaskTests.framework */ = {isa = PBXFileReference; explicitFileType = wrapper.framework; includeInIndex = 0; path = Pods_RobustaTaskTests.framework; sourceTree = BUILT_PRODUCTS_DIR; };
		FA8018A9357EFEF4C1699550 /* Pods-RobustaTaskTests.debug.xcconfig */ = {isa = PBXFileReference; includeInIndex = 1; lastKnownFileType = text.xcconfig; name = "Pods-RobustaTaskTests.debug.xcconfig"; path = "Target Support Files/Pods-RobustaTaskTests/Pods-RobustaTaskTests.debug.xcconfig"; sourceTree = "<group>"; };
/* End PBXFileReference section */

/* Begin PBXFrameworksBuildPhase section */
		86AAC02E2633F0F5000212E7 /* Frameworks */ = {
			isa = PBXFrameworksBuildPhase;
			buildActionMask = 2147483647;
			files = (
				2E0B602A20611D6057F90181 /* Pods_RobustaTask.framework in Frameworks */,
			);
			runOnlyForDeploymentPostprocessing = 0;
		};
		86AAC0442633F0F9000212E7 /* Frameworks */ = {
			isa = PBXFrameworksBuildPhase;
			buildActionMask = 2147483647;
			files = (
				504E3514330723C51719EE2C /* Pods_RobustaTaskTests.framework in Frameworks */,
			);
			runOnlyForDeploymentPostprocessing = 0;
		};
		86AAC04F2633F0F9000212E7 /* Frameworks */ = {
			isa = PBXFrameworksBuildPhase;
			buildActionMask = 2147483647;
			files = (
				8F8266172C7E9EE2A6B684F8 /* Pods_RobustaTask_RobustaTaskUITests.framework in Frameworks */,
			);
			runOnlyForDeploymentPostprocessing = 0;
		};
/* End PBXFrameworksBuildPhase section */

/* Begin PBXGroup section */
		1E0728E2C10EDE05345DB365 /* Frameworks */ = {
			isa = PBXGroup;
			children = (
				CF71DAC9062275B3E8B76374 /* Pods_RobustaTask.framework */,
				6BF5E1149EF26F171643B837 /* Pods_RobustaTask_RobustaTaskUITests.framework */,
				EC5B437238AA85B318AF3C0D /* Pods_RobustaTaskTests.framework */,
			);
			name = Frameworks;
			sourceTree = "<group>";
		};
		86AAC0282633F0F5000212E7 = {
			isa = PBXGroup;
			children = (
				86AAC0332633F0F5000212E7 /* RobustaTask */,
				86AAC04A2633F0F9000212E7 /* RobustaTaskTests */,
				86AAC0552633F0F9000212E7 /* RobustaTaskUITests */,
				86AAC0322633F0F5000212E7 /* Products */,
				A08A4531C80E1FB05F26A0B8 /* Pods */,
				1E0728E2C10EDE05345DB365 /* Frameworks */,
			);
			sourceTree = "<group>";
		};
		86AAC0322633F0F5000212E7 /* Products */ = {
			isa = PBXGroup;
			children = (
				86AAC0312633F0F5000212E7 /* RobustaTask.app */,
				86AAC0472633F0F9000212E7 /* RobustaTaskTests.xctest */,
				86AAC0522633F0F9000212E7 /* RobustaTaskUITests.xctest */,
			);
			name = Products;
			sourceTree = "<group>";
		};
		86AAC0332633F0F5000212E7 /* RobustaTask */ = {
			isa = PBXGroup;
			children = (
				86AAC0892633FB6F000212E7 /* Utils */,
				86AAC0882633FB0F000212E7 /* POJOs */,
				86AAC14226347047000212E7 /* StorageManager */,
				86AAC0872633FAF2000212E7 /* NetworkManager */,
				86AAC07F2633F7DE000212E7 /* Scenes */,
				86AAC07E2633F7C8000212E7 /* Di */,
				86AAC06A2633F376000212E7 /* SupportingFiles */,
				86AAC0422633F0F8000212E7 /* Info.plist */,
			);
			path = RobustaTask;
			sourceTree = "<group>";
		};
		86AAC04A2633F0F9000212E7 /* RobustaTaskTests */ = {
			isa = PBXGroup;
			children = (
				86AAC04B2633F0F9000212E7 /* RobustaTaskTests.swift */,
				86AAC04D2633F0F9000212E7 /* Info.plist */,
			);
			path = RobustaTaskTests;
			sourceTree = "<group>";
		};
		86AAC0552633F0F9000212E7 /* RobustaTaskUITests */ = {
			isa = PBXGroup;
			children = (
				86AAC0562633F0F9000212E7 /* RobustaTaskUITests.swift */,
				86AAC0582633F0F9000212E7 /* Info.plist */,
			);
			path = RobustaTaskUITests;
			sourceTree = "<group>";
		};
		86AAC06A2633F376000212E7 /* SupportingFiles */ = {
			isa = PBXGroup;
			children = (
				86AAC0342633F0F5000212E7 /* AppDelegate.swift */,
				86AAC0362633F0F5000212E7 /* SceneDelegate.swift */,
				86AAC03D2633F0F8000212E7 /* Assets.xcassets */,
				86AAC03F2633F0F8000212E7 /* LaunchScreen.storyboard */,
			);
			path = SupportingFiles;
			sourceTree = "<group>";
		};
		86AAC07E2633F7C8000212E7 /* Di */ = {
			isa = PBXGroup;
			children = (
				86AAC0B52634083F000212E7 /* Container.swift */,
			);
			path = Di;
			sourceTree = "<group>";
		};
		86AAC07F2633F7DE000212E7 /* Scenes */ = {
			isa = PBXGroup;
			children = (
				86AAC0BB26340975000212E7 /* RepositoryDetails */,
				86AAC0BA26340923000212E7 /* Repositories */,
			);
			path = Scenes;
			sourceTree = "<group>";
		};
		86AAC0872633FAF2000212E7 /* NetworkManager */ = {
			isa = PBXGroup;
			children = (
				86AAC0A626340677000212E7 /* NetworkManager.swift */,
			);
			path = NetworkManager;
			sourceTree = "<group>";
		};
		86AAC0882633FB0F000212E7 /* POJOs */ = {
			isa = PBXGroup;
			children = (
				86AAC08A2633FC71000212E7 /* Item.swift */,
				86AAC0922633FC96000212E7 /* Owner.swift */,
				86AAC0972633FCD8000212E7 /* TypeEnum.swift */,
				86AAC09C2633FE2A000212E7 /* License.swift */,
				86AAC0A12633FE4C000212E7 /* RepoSearchResponse.swift */,
				86AAC0F6263441F3000212E7 /* Repository.swift */,
				86AAC0FB2634420A000212E7 /* RepositoryOwner.swift */,
			);
			path = POJOs;
			sourceTree = "<group>";
		};
		86AAC0892633FB6F000212E7 /* Utils */ = {
			isa = PBXGroup;
			children = (
				86AAC0AB263406B2000212E7 /* JSON Coding.swift */,
				86AAC0B0263406CB000212E7 /* AppError.swift */,
				86AAC10B26344B02000212E7 /* UIImage+Extensions.swift */,
				86AAC11026344BAF000212E7 /* UITableView+Extensions.swift */,
			);
			path = Utils;
			sourceTree = "<group>";
		};
		86AAC0BA26340923000212E7 /* Repositories */ = {
			isa = PBXGroup;
			children = (
				86AAC13026346226000212E7 /* EmptyCell */,
				86AAC100263449C9000212E7 /* RepositoryCell */,
				86AAC0DB26343B74000212E7 /* RepositoriesViewController.swift */,
				86AAC0DC26343B74000212E7 /* RepositoriesViewController.xib */,
				86AAC0E226344021000212E7 /* RepositoriesPresenter.swift */,
				86AAC0E72634403C000212E7 /* RepositoriesRouter.swift */,
				86AAC0EC26344187000212E7 /* RepositoriesInteractor.swift */,
				86AAC0F1263441A3000212E7 /* RepositoriesContract.swift */,
			);
			path = Repositories;
			sourceTree = "<group>";
		};
		86AAC0BB26340975000212E7 /* RepositoryDetails */ = {
			isa = PBXGroup;
			children = (
				86AAC115263454FF000212E7 /* RepositoryDetailsViewController.swift */,
				86AAC116263454FF000212E7 /* RepositoryDetailsViewController.xib */,
				86AAC11C26345540000212E7 /* RepositoryDetailsPresenter.swift */,
				86AAC12126345562000212E7 /* RepositoryDetailsInteractor.swift */,
				86AAC12626345572000212E7 /* RepositoryDetailsRouter.swift */,
				86AAC12B26345588000212E7 /* RepositoryDetailsContract.swift */,
			);
			path = RepositoryDetails;
			sourceTree = "<group>";
		};
		86AAC100263449C9000212E7 /* RepositoryCell */ = {
			isa = PBXGroup;
			children = (
				86AAC10126344A28000212E7 /* RepositoryCell.swift */,
				86AAC10226344A28000212E7 /* RepositoryCell.xib */,
			);
			path = RepositoryCell;
			sourceTree = "<group>";
		};
		86AAC13026346226000212E7 /* EmptyCell */ = {
			isa = PBXGroup;
			children = (
				86AAC1312634625B000212E7 /* EmptyCell.swift */,
				86AAC1322634625B000212E7 /* EmptyCell.xib */,
			);
			path = EmptyCell;
			sourceTree = "<group>";
		};
		86AAC14226347047000212E7 /* StorageManager */ = {
			isa = PBXGroup;
			children = (
				86AAC14326347098000212E7 /* StorageManager.swift */,
			);
			path = StorageManager;
			sourceTree = "<group>";
		};
		A08A4531C80E1FB05F26A0B8 /* Pods */ = {
			isa = PBXGroup;
			children = (
				92753A04C671BAE0F0BE6A28 /* Pods-RobustaTask.debug.xcconfig */,
				01F7CF48357CA12E0B22F328 /* Pods-RobustaTask.release.xcconfig */,
				7F246F05459971B295390282 /* Pods-RobustaTask-RobustaTaskUITests.debug.xcconfig */,
				7D52D80C34575E626DEB824C /* Pods-RobustaTask-RobustaTaskUITests.release.xcconfig */,
				FA8018A9357EFEF4C1699550 /* Pods-RobustaTaskTests.debug.xcconfig */,
				3CFBCBBB5E25DD3934F39F8D /* Pods-RobustaTaskTests.release.xcconfig */,
			);
			path = Pods;
			sourceTree = "<group>";
		};
/* End PBXGroup section */

/* Begin PBXNativeTarget section */
		86AAC0302633F0F5000212E7 /* RobustaTask */ = {
			isa = PBXNativeTarget;
			buildConfigurationList = 86AAC05B2633F0F9000212E7 /* Build configuration list for PBXNativeTarget "RobustaTask" */;
			buildPhases = (
				E6DB76618F48EE3664D2D444 /* [CP] Check Pods Manifest.lock */,
				86AAC02D2633F0F5000212E7 /* Sources */,
				86AAC02E2633F0F5000212E7 /* Frameworks */,
				86AAC02F2633F0F5000212E7 /* Resources */,
				678B9D9AAC4AE35BCA210ABE /* [CP] Embed Pods Frameworks */,
			);
			buildRules = (
			);
			dependencies = (
			);
			name = RobustaTask;
			productName = RobustaTask;
			productReference = 86AAC0312633F0F5000212E7 /* RobustaTask.app */;
			productType = "com.apple.product-type.application";
		};
		86AAC0462633F0F9000212E7 /* RobustaTaskTests */ = {
			isa = PBXNativeTarget;
			buildConfigurationList = 86AAC05E2633F0F9000212E7 /* Build configuration list for PBXNativeTarget "RobustaTaskTests" */;
			buildPhases = (
				E5DFF60C2CF68EDCFD5B29EE /* [CP] Check Pods Manifest.lock */,
				86AAC0432633F0F9000212E7 /* Sources */,
				86AAC0442633F0F9000212E7 /* Frameworks */,
				86AAC0452633F0F9000212E7 /* Resources */,
			);
			buildRules = (
			);
			dependencies = (
				86AAC0492633F0F9000212E7 /* PBXTargetDependency */,
			);
			name = RobustaTaskTests;
			productName = RobustaTaskTests;
			productReference = 86AAC0472633F0F9000212E7 /* RobustaTaskTests.xctest */;
			productType = "com.apple.product-type.bundle.unit-test";
		};
		86AAC0512633F0F9000212E7 /* RobustaTaskUITests */ = {
			isa = PBXNativeTarget;
			buildConfigurationList = 86AAC0612633F0F9000212E7 /* Build configuration list for PBXNativeTarget "RobustaTaskUITests" */;
			buildPhases = (
				C093D92BA94095C99696BC05 /* [CP] Check Pods Manifest.lock */,
				86AAC04E2633F0F9000212E7 /* Sources */,
				86AAC04F2633F0F9000212E7 /* Frameworks */,
				86AAC0502633F0F9000212E7 /* Resources */,
				FACEA524A2BCC9394A74442A /* [CP] Embed Pods Frameworks */,
			);
			buildRules = (
			);
			dependencies = (
				86AAC0542633F0F9000212E7 /* PBXTargetDependency */,
			);
			name = RobustaTaskUITests;
			productName = RobustaTaskUITests;
			productReference = 86AAC0522633F0F9000212E7 /* RobustaTaskUITests.xctest */;
			productType = "com.apple.product-type.bundle.ui-testing";
		};
/* End PBXNativeTarget section */

/* Begin PBXProject section */
		86AAC0292633F0F5000212E7 /* Project object */ = {
			isa = PBXProject;
			attributes = {
				LastSwiftUpdateCheck = 1240;
				LastUpgradeCheck = 1240;
				TargetAttributes = {
					86AAC0302633F0F5000212E7 = {
						CreatedOnToolsVersion = 12.4;
					};
					86AAC0462633F0F9000212E7 = {
						CreatedOnToolsVersion = 12.4;
						TestTargetID = 86AAC0302633F0F5000212E7;
					};
					86AAC0512633F0F9000212E7 = {
						CreatedOnToolsVersion = 12.4;
						TestTargetID = 86AAC0302633F0F5000212E7;
					};
				};
			};
			buildConfigurationList = 86AAC02C2633F0F5000212E7 /* Build configuration list for PBXProject "RobustaTask" */;
			compatibilityVersion = "Xcode 9.3";
			developmentRegion = en;
			hasScannedForEncodings = 0;
			knownRegions = (
				en,
				Base,
			);
			mainGroup = 86AAC0282633F0F5000212E7;
			productRefGroup = 86AAC0322633F0F5000212E7 /* Products */;
			projectDirPath = "";
			projectRoot = "";
			targets = (
				86AAC0302633F0F5000212E7 /* RobustaTask */,
				86AAC0462633F0F9000212E7 /* RobustaTaskTests */,
				86AAC0512633F0F9000212E7 /* RobustaTaskUITests */,
			);
		};
/* End PBXProject section */

/* Begin PBXResourcesBuildPhase section */
		86AAC02F2633F0F5000212E7 /* Resources */ = {
			isa = PBXResourcesBuildPhase;
			buildActionMask = 2147483647;
			files = (
				86AAC0412633F0F8000212E7 /* LaunchScreen.storyboard in Resources */,
				86AAC118263454FF000212E7 /* RepositoryDetailsViewController.xib in Resources */,
				86AAC03E2633F0F8000212E7 /* Assets.xcassets in Resources */,
				86AAC0DE26343B74000212E7 /* RepositoriesViewController.xib in Resources */,
				86AAC10426344A28000212E7 /* RepositoryCell.xib in Resources */,
				86AAC1342634625B000212E7 /* EmptyCell.xib in Resources */,
			);
			runOnlyForDeploymentPostprocessing = 0;
		};
		86AAC0452633F0F9000212E7 /* Resources */ = {
			isa = PBXResourcesBuildPhase;
			buildActionMask = 2147483647;
			files = (
			);
			runOnlyForDeploymentPostprocessing = 0;
		};
		86AAC0502633F0F9000212E7 /* Resources */ = {
			isa = PBXResourcesBuildPhase;
			buildActionMask = 2147483647;
			files = (
			);
			runOnlyForDeploymentPostprocessing = 0;
		};
/* End PBXResourcesBuildPhase section */

/* Begin PBXShellScriptBuildPhase section */
		678B9D9AAC4AE35BCA210ABE /* [CP] Embed Pods Frameworks */ = {
			isa = PBXShellScriptBuildPhase;
			buildActionMask = 2147483647;
			files = (
			);
			inputFileListPaths = (
				"${PODS_ROOT}/Target Support Files/Pods-RobustaTask/Pods-RobustaTask-frameworks-${CONFIGURATION}-input-files.xcfilelist",
			);
			name = "[CP] Embed Pods Frameworks";
			outputFileListPaths = (
				"${PODS_ROOT}/Target Support Files/Pods-RobustaTask/Pods-RobustaTask-frameworks-${CONFIGURATION}-output-files.xcfilelist",
			);
			runOnlyForDeploymentPostprocessing = 0;
			shellPath = /bin/sh;
			shellScript = "\"${PODS_ROOT}/Target Support Files/Pods-RobustaTask/Pods-RobustaTask-frameworks.sh\"\n";
			showEnvVarsInLog = 0;
		};
		C093D92BA94095C99696BC05 /* [CP] Check Pods Manifest.lock */ = {
			isa = PBXShellScriptBuildPhase;
			buildActionMask = 2147483647;
			files = (
			);
			inputFileListPaths = (
			);
			inputPaths = (
				"${PODS_PODFILE_DIR_PATH}/Podfile.lock",
				"${PODS_ROOT}/Manifest.lock",
			);
			name = "[CP] Check Pods Manifest.lock";
			outputFileListPaths = (
			);
			outputPaths = (
				"$(DERIVED_FILE_DIR)/Pods-RobustaTask-RobustaTaskUITests-checkManifestLockResult.txt",
			);
			runOnlyForDeploymentPostprocessing = 0;
			shellPath = /bin/sh;
			shellScript = "diff \"${PODS_PODFILE_DIR_PATH}/Podfile.lock\" \"${PODS_ROOT}/Manifest.lock\" > /dev/null\nif [ $? != 0 ] ; then\n    # print error to STDERR\n    echo \"error: The sandbox is not in sync with the Podfile.lock. Run 'pod install' or update your CocoaPods installation.\" >&2\n    exit 1\nfi\n# This output is used by Xcode 'outputs' to avoid re-running this script phase.\necho \"SUCCESS\" > \"${SCRIPT_OUTPUT_FILE_0}\"\n";
			showEnvVarsInLog = 0;
		};
		E5DFF60C2CF68EDCFD5B29EE /* [CP] Check Pods Manifest.lock */ = {
			isa = PBXShellScriptBuildPhase;
			buildActionMask = 2147483647;
			files = (
			);
			inputFileListPaths = (
			);
			inputPaths = (
				"${PODS_PODFILE_DIR_PATH}/Podfile.lock",
				"${PODS_ROOT}/Manifest.lock",
			);
			name = "[CP] Check Pods Manifest.lock";
			outputFileListPaths = (
			);
			outputPaths = (
				"$(DERIVED_FILE_DIR)/Pods-RobustaTaskTests-checkManifestLockResult.txt",
			);
			runOnlyForDeploymentPostprocessing = 0;
			shellPath = /bin/sh;
			shellScript = "diff \"${PODS_PODFILE_DIR_PATH}/Podfile.lock\" \"${PODS_ROOT}/Manifest.lock\" > /dev/null\nif [ $? != 0 ] ; then\n    # print error to STDERR\n    echo \"error: The sandbox is not in sync with the Podfile.lock. Run 'pod install' or update your CocoaPods installation.\" >&2\n    exit 1\nfi\n# This output is used by Xcode 'outputs' to avoid re-running this script phase.\necho \"SUCCESS\" > \"${SCRIPT_OUTPUT_FILE_0}\"\n";
			showEnvVarsInLog = 0;
		};
		E6DB76618F48EE3664D2D444 /* [CP] Check Pods Manifest.lock */ = {
			isa = PBXShellScriptBuildPhase;
			buildActionMask = 2147483647;
			files = (
			);
			inputFileListPaths = (
			);
			inputPaths = (
				"${PODS_PODFILE_DIR_PATH}/Podfile.lock",
				"${PODS_ROOT}/Manifest.lock",
			);
			name = "[CP] Check Pods Manifest.lock";
			outputFileListPaths = (
			);
			outputPaths = (
				"$(DERIVED_FILE_DIR)/Pods-RobustaTask-checkManifestLockResult.txt",
			);
			runOnlyForDeploymentPostprocessing = 0;
			shellPath = /bin/sh;
			shellScript = "diff \"${PODS_PODFILE_DIR_PATH}/Podfile.lock\" \"${PODS_ROOT}/Manifest.lock\" > /dev/null\nif [ $? != 0 ] ; then\n    # print error to STDERR\n    echo \"error: The sandbox is not in sync with the Podfile.lock. Run 'pod install' or update your CocoaPods installation.\" >&2\n    exit 1\nfi\n# This output is used by Xcode 'outputs' to avoid re-running this script phase.\necho \"SUCCESS\" > \"${SCRIPT_OUTPUT_FILE_0}\"\n";
			showEnvVarsInLog = 0;
		};
		FACEA524A2BCC9394A74442A /* [CP] Embed Pods Frameworks */ = {
			isa = PBXShellScriptBuildPhase;
			buildActionMask = 2147483647;
			files = (
			);
			inputFileListPaths = (
				"${PODS_ROOT}/Target Support Files/Pods-RobustaTask-RobustaTaskUITests/Pods-RobustaTask-RobustaTaskUITests-frameworks-${CONFIGURATION}-input-files.xcfilelist",
			);
			name = "[CP] Embed Pods Frameworks";
			outputFileListPaths = (
				"${PODS_ROOT}/Target Support Files/Pods-RobustaTask-RobustaTaskUITests/Pods-RobustaTask-RobustaTaskUITests-frameworks-${CONFIGURATION}-output-files.xcfilelist",
			);
			runOnlyForDeploymentPostprocessing = 0;
			shellPath = /bin/sh;
			shellScript = "\"${PODS_ROOT}/Target Support Files/Pods-RobustaTask-RobustaTaskUITests/Pods-RobustaTask-RobustaTaskUITests-frameworks.sh\"\n";
			showEnvVarsInLog = 0;
		};
/* End PBXShellScriptBuildPhase section */

/* Begin PBXSourcesBuildPhase section */
		86AAC02D2633F0F5000212E7 /* Sources */ = {
			isa = PBXSourcesBuildPhase;
			buildActionMask = 2147483647;
			files = (
				86AAC0352633F0F5000212E7 /* AppDelegate.swift in Sources */,
				86AAC0FC2634420A000212E7 /* RepositoryOwner.swift in Sources */,
				86AAC11D26345540000212E7 /* RepositoryDetailsPresenter.swift in Sources */,
				86AAC14426347098000212E7 /* StorageManager.swift in Sources */,
				86AAC0AC263406B2000212E7 /* JSON Coding.swift in Sources */,
				86AAC0E82634403C000212E7 /* RepositoriesRouter.swift in Sources */,
				86AAC0B1263406CB000212E7 /* AppError.swift in Sources */,
				86AAC0932633FC96000212E7 /* Owner.swift in Sources */,
				86AAC12226345562000212E7 /* RepositoryDetailsInteractor.swift in Sources */,
				86AAC0DD26343B74000212E7 /* RepositoriesViewController.swift in Sources */,
				86AAC10C26344B02000212E7 /* UIImage+Extensions.swift in Sources */,
				86AAC0E326344021000212E7 /* RepositoriesPresenter.swift in Sources */,
				86AAC08B2633FC71000212E7 /* Item.swift in Sources */,
				86AAC0A22633FE4C000212E7 /* RepoSearchResponse.swift in Sources */,
				86AAC0ED26344187000212E7 /* RepositoriesInteractor.swift in Sources */,
				86AAC12726345572000212E7 /* RepositoryDetailsRouter.swift in Sources */,
				86AAC10326344A28000212E7 /* RepositoryCell.swift in Sources */,
				86AAC0A726340677000212E7 /* NetworkManager.swift in Sources */,
				86AAC0F2263441A3000212E7 /* RepositoriesContract.swift in Sources */,
				86AAC117263454FF000212E7 /* RepositoryDetailsViewController.swift in Sources */,
				86AAC11126344BAF000212E7 /* UITableView+Extensions.swift in Sources */,
				86AAC0F7263441F3000212E7 /* Repository.swift in Sources */,
				86AAC0982633FCD8000212E7 /* TypeEnum.swift in Sources */,
				86AAC12C26345588000212E7 /* RepositoryDetailsContract.swift in Sources */,
				86AAC0372633F0F5000212E7 /* SceneDelegate.swift in Sources */,
				86AAC0B62634083F000212E7 /* Container.swift in Sources */,
				86AAC09D2633FE2A000212E7 /* License.swift in Sources */,
				86AAC1332634625B000212E7 /* EmptyCell.swift in Sources */,
			);
			runOnlyForDeploymentPostprocessing = 0;
		};
		86AAC0432633F0F9000212E7 /* Sources */ = {
			isa = PBXSourcesBuildPhase;
			buildActionMask = 2147483647;
			files = (
				86AAC04C2633F0F9000212E7 /* RobustaTaskTests.swift in Sources */,
			);
			runOnlyForDeploymentPostprocessing = 0;
		};
		86AAC04E2633F0F9000212E7 /* Sources */ = {
			isa = PBXSourcesBuildPhase;
			buildActionMask = 2147483647;
			files = (
				86AAC0572633F0F9000212E7 /* RobustaTaskUITests.swift in Sources */,
			);
			runOnlyForDeploymentPostprocessing = 0;
		};
/* End PBXSourcesBuildPhase section */

/* Begin PBXTargetDependency section */
		86AAC0492633F0F9000212E7 /* PBXTargetDependency */ = {
			isa = PBXTargetDependency;
			target = 86AAC0302633F0F5000212E7 /* RobustaTask */;
			targetProxy = 86AAC0482633F0F9000212E7 /* PBXContainerItemProxy */;
		};
		86AAC0542633F0F9000212E7 /* PBXTargetDependency */ = {
			isa = PBXTargetDependency;
			target = 86AAC0302633F0F5000212E7 /* RobustaTask */;
			targetProxy = 86AAC0532633F0F9000212E7 /* PBXContainerItemProxy */;
		};
/* End PBXTargetDependency section */

/* Begin PBXVariantGroup section */
		86AAC03F2633F0F8000212E7 /* LaunchScreen.storyboard */ = {
			isa = PBXVariantGroup;
			children = (
				86AAC0402633F0F8000212E7 /* Base */,
			);
			name = LaunchScreen.storyboard;
			sourceTree = "<group>";
		};
/* End PBXVariantGroup section */

/* Begin XCBuildConfiguration section */
		86AAC0592633F0F9000212E7 /* Debug */ = {
			isa = XCBuildConfiguration;
			buildSettings = {
				ALWAYS_SEARCH_USER_PATHS = NO;
				CLANG_ANALYZER_NONNULL = YES;
				CLANG_ANALYZER_NUMBER_OBJECT_CONVERSION = YES_AGGRESSIVE;
				CLANG_CXX_LANGUAGE_STANDARD = "gnu++14";
				CLANG_CXX_LIBRARY = "libc++";
				CLANG_ENABLE_MODULES = YES;
				CLANG_ENABLE_OBJC_ARC = YES;
				CLANG_ENABLE_OBJC_WEAK = YES;
				CLANG_WARN_BLOCK_CAPTURE_AUTORELEASING = YES;
				CLANG_WARN_BOOL_CONVERSION = YES;
				CLANG_WARN_COMMA = YES;
				CLANG_WARN_CONSTANT_CONVERSION = YES;
				CLANG_WARN_DEPRECATED_OBJC_IMPLEMENTATIONS = YES;
				CLANG_WARN_DIRECT_OBJC_ISA_USAGE = YES_ERROR;
				CLANG_WARN_DOCUMENTATION_COMMENTS = YES;
				CLANG_WARN_EMPTY_BODY = YES;
				CLANG_WARN_ENUM_CONVERSION = YES;
				CLANG_WARN_INFINITE_RECURSION = YES;
				CLANG_WARN_INT_CONVERSION = YES;
				CLANG_WARN_NON_LITERAL_NULL_CONVERSION = YES;
				CLANG_WARN_OBJC_IMPLICIT_RETAIN_SELF = YES;
				CLANG_WARN_OBJC_LITERAL_CONVERSION = YES;
				CLANG_WARN_OBJC_ROOT_CLASS = YES_ERROR;
				CLANG_WARN_QUOTED_INCLUDE_IN_FRAMEWORK_HEADER = YES;
				CLANG_WARN_RANGE_LOOP_ANALYSIS = YES;
				CLANG_WARN_STRICT_PROTOTYPES = YES;
				CLANG_WARN_SUSPICIOUS_MOVE = YES;
				CLANG_WARN_UNGUARDED_AVAILABILITY = YES_AGGRESSIVE;
				CLANG_WARN_UNREACHABLE_CODE = YES;
				CLANG_WARN__DUPLICATE_METHOD_MATCH = YES;
				COPY_PHASE_STRIP = NO;
				DEBUG_INFORMATION_FORMAT = dwarf;
				ENABLE_STRICT_OBJC_MSGSEND = YES;
				ENABLE_TESTABILITY = YES;
				GCC_C_LANGUAGE_STANDARD = gnu11;
				GCC_DYNAMIC_NO_PIC = NO;
				GCC_NO_COMMON_BLOCKS = YES;
				GCC_OPTIMIZATION_LEVEL = 0;
				GCC_PREPROCESSOR_DEFINITIONS = (
					"DEBUG=1",
					"$(inherited)",
				);
				GCC_WARN_64_TO_32_BIT_CONVERSION = YES;
				GCC_WARN_ABOUT_RETURN_TYPE = YES_ERROR;
				GCC_WARN_UNDECLARED_SELECTOR = YES;
				GCC_WARN_UNINITIALIZED_AUTOS = YES_AGGRESSIVE;
				GCC_WARN_UNUSED_FUNCTION = YES;
				GCC_WARN_UNUSED_VARIABLE = YES;
				IPHONEOS_DEPLOYMENT_TARGET = 14.4;
				MTL_ENABLE_DEBUG_INFO = INCLUDE_SOURCE;
				MTL_FAST_MATH = YES;
				ONLY_ACTIVE_ARCH = YES;
				SDKROOT = iphoneos;
				SWIFT_ACTIVE_COMPILATION_CONDITIONS = DEBUG;
				SWIFT_OPTIMIZATION_LEVEL = "-Onone";
			};
			name = Debug;
		};
		86AAC05A2633F0F9000212E7 /* Release */ = {
			isa = XCBuildConfiguration;
			buildSettings = {
				ALWAYS_SEARCH_USER_PATHS = NO;
				CLANG_ANALYZER_NONNULL = YES;
				CLANG_ANALYZER_NUMBER_OBJECT_CONVERSION = YES_AGGRESSIVE;
				CLANG_CXX_LANGUAGE_STANDARD = "gnu++14";
				CLANG_CXX_LIBRARY = "libc++";
				CLANG_ENABLE_MODULES = YES;
				CLANG_ENABLE_OBJC_ARC = YES;
				CLANG_ENABLE_OBJC_WEAK = YES;
				CLANG_WARN_BLOCK_CAPTURE_AUTORELEASING = YES;
				CLANG_WARN_BOOL_CONVERSION = YES;
				CLANG_WARN_COMMA = YES;
				CLANG_WARN_CONSTANT_CONVERSION = YES;
				CLANG_WARN_DEPRECATED_OBJC_IMPLEMENTATIONS = YES;
				CLANG_WARN_DIRECT_OBJC_ISA_USAGE = YES_ERROR;
				CLANG_WARN_DOCUMENTATION_COMMENTS = YES;
				CLANG_WARN_EMPTY_BODY = YES;
				CLANG_WARN_ENUM_CONVERSION = YES;
				CLANG_WARN_INFINITE_RECURSION = YES;
				CLANG_WARN_INT_CONVERSION = YES;
				CLANG_WARN_NON_LITERAL_NULL_CONVERSION = YES;
				CLANG_WARN_OBJC_IMPLICIT_RETAIN_SELF = YES;
				CLANG_WARN_OBJC_LITERAL_CONVERSION = YES;
				CLANG_WARN_OBJC_ROOT_CLASS = YES_ERROR;
				CLANG_WARN_QUOTED_INCLUDE_IN_FRAMEWORK_HEADER = YES;
				CLANG_WARN_RANGE_LOOP_ANALYSIS = YES;
				CLANG_WARN_STRICT_PROTOTYPES = YES;
				CLANG_WARN_SUSPICIOUS_MOVE = YES;
				CLANG_WARN_UNGUARDED_AVAILABILITY = YES_AGGRESSIVE;
				CLANG_WARN_UNREACHABLE_CODE = YES;
				CLANG_WARN__DUPLICATE_METHOD_MATCH = YES;
				COPY_PHASE_STRIP = NO;
				DEBUG_INFORMATION_FORMAT = "dwarf-with-dsym";
				ENABLE_NS_ASSERTIONS = NO;
				ENABLE_STRICT_OBJC_MSGSEND = YES;
				GCC_C_LANGUAGE_STANDARD = gnu11;
				GCC_NO_COMMON_BLOCKS = YES;
				GCC_WARN_64_TO_32_BIT_CONVERSION = YES;
				GCC_WARN_ABOUT_RETURN_TYPE = YES_ERROR;
				GCC_WARN_UNDECLARED_SELECTOR = YES;
				GCC_WARN_UNINITIALIZED_AUTOS = YES_AGGRESSIVE;
				GCC_WARN_UNUSED_FUNCTION = YES;
				GCC_WARN_UNUSED_VARIABLE = YES;
				IPHONEOS_DEPLOYMENT_TARGET = 14.4;
				MTL_ENABLE_DEBUG_INFO = NO;
				MTL_FAST_MATH = YES;
				SDKROOT = iphoneos;
				SWIFT_COMPILATION_MODE = wholemodule;
				SWIFT_OPTIMIZATION_LEVEL = "-O";
				VALIDATE_PRODUCT = YES;
			};
			name = Release;
		};
		86AAC05C2633F0F9000212E7 /* Debug */ = {
			isa = XCBuildConfiguration;
			baseConfigurationReference = 92753A04C671BAE0F0BE6A28 /* Pods-RobustaTask.debug.xcconfig */;
			buildSettings = {
				ASSETCATALOG_COMPILER_APPICON_NAME = AppIcon;
				ASSETCATALOG_COMPILER_GLOBAL_ACCENT_COLOR_NAME = AccentColor;
				CODE_SIGN_STYLE = Automatic;
				INFOPLIST_FILE = RobustaTask/Info.plist;
				LD_RUNPATH_SEARCH_PATHS = (
					"$(inherited)",
					"@executable_path/Frameworks",
				);
				PRODUCT_BUNDLE_IDENTIFIER = com.RobustaTask;
				PRODUCT_NAME = "$(TARGET_NAME)";
				SWIFT_VERSION = 5.0;
				TARGETED_DEVICE_FAMILY = "1,2";
			};
			name = Debug;
		};
		86AAC05D2633F0F9000212E7 /* Release */ = {
			isa = XCBuildConfiguration;
			baseConfigurationReference = 01F7CF48357CA12E0B22F328 /* Pods-RobustaTask.release.xcconfig */;
			buildSettings = {
				ASSETCATALOG_COMPILER_APPICON_NAME = AppIcon;
				ASSETCATALOG_COMPILER_GLOBAL_ACCENT_COLOR_NAME = AccentColor;
				CODE_SIGN_STYLE = Automatic;
				INFOPLIST_FILE = RobustaTask/Info.plist;
				LD_RUNPATH_SEARCH_PATHS = (
					"$(inherited)",
					"@executable_path/Frameworks",
				);
				PRODUCT_BUNDLE_IDENTIFIER = com.RobustaTask;
				PRODUCT_NAME = "$(TARGET_NAME)";
				SWIFT_VERSION = 5.0;
				TARGETED_DEVICE_FAMILY = "1,2";
			};
			name = Release;
		};
		86AAC05F2633F0F9000212E7 /* Debug */ = {
			isa = XCBuildConfiguration;
			baseConfigurationReference = FA8018A9357EFEF4C1699550 /* Pods-RobustaTaskTests.debug.xcconfig */;
			buildSettings = {
				ALWAYS_EMBED_SWIFT_STANDARD_LIBRARIES = YES;
				BUNDLE_LOADER = "$(TEST_HOST)";
				CODE_SIGN_STYLE = Automatic;
				INFOPLIST_FILE = RobustaTaskTests/Info.plist;
				IPHONEOS_DEPLOYMENT_TARGET = 14.4;
				LD_RUNPATH_SEARCH_PATHS = (
					"$(inherited)",
					"@executable_path/Frameworks",
					"@loader_path/Frameworks",
				);
				PRODUCT_BUNDLE_IDENTIFIER = com.RobustaTaskTests;
				PRODUCT_NAME = "$(TARGET_NAME)";
				SWIFT_VERSION = 5.0;
				TARGETED_DEVICE_FAMILY = "1,2";
				TEST_HOST = "$(BUILT_PRODUCTS_DIR)/RobustaTask.app/RobustaTask";
			};
			name = Debug;
		};
		86AAC0602633F0F9000212E7 /* Release */ = {
			isa = XCBuildConfiguration;
			baseConfigurationReference = 3CFBCBBB5E25DD3934F39F8D /* Pods-RobustaTaskTests.release.xcconfig */;
			buildSettings = {
				ALWAYS_EMBED_SWIFT_STANDARD_LIBRARIES = YES;
				BUNDLE_LOADER = "$(TEST_HOST)";
				CODE_SIGN_STYLE = Automatic;
				INFOPLIST_FILE = RobustaTaskTests/Info.plist;
				IPHONEOS_DEPLOYMENT_TARGET = 14.4;
				LD_RUNPATH_SEARCH_PATHS = (
					"$(inherited)",
					"@executable_path/Frameworks",
					"@loader_path/Frameworks",
				);
				PRODUCT_BUNDLE_IDENTIFIER = com.RobustaTaskTests;
				PRODUCT_NAME = "$(TARGET_NAME)";
				SWIFT_VERSION = 5.0;
				TARGETED_DEVICE_FAMILY = "1,2";
				TEST_HOST = "$(BUILT_PRODUCTS_DIR)/RobustaTask.app/RobustaTask";
			};
			name = Release;
		};
		86AAC0622633F0F9000212E7 /* Debug */ = {
			isa = XCBuildConfiguration;
			baseConfigurationReference = 7F246F05459971B295390282 /* Pods-RobustaTask-RobustaTaskUITests.debug.xcconfig */;
			buildSettings = {
				ALWAYS_EMBED_SWIFT_STANDARD_LIBRARIES = YES;
				CODE_SIGN_STYLE = Automatic;
				INFOPLIST_FILE = RobustaTaskUITests/Info.plist;
				LD_RUNPATH_SEARCH_PATHS = (
					"$(inherited)",
					"@executable_path/Frameworks",
					"@loader_path/Frameworks",
				);
				PRODUCT_BUNDLE_IDENTIFIER = com.RobustaTaskUITests;
				PRODUCT_NAME = "$(TARGET_NAME)";
				SWIFT_VERSION = 5.0;
				TARGETED_DEVICE_FAMILY = "1,2";
				TEST_TARGET_NAME = RobustaTask;
			};
			name = Debug;
		};
		86AAC0632633F0F9000212E7 /* Release */ = {
			isa = XCBuildConfiguration;
			baseConfigurationReference = 7D52D80C34575E626DEB824C /* Pods-RobustaTask-RobustaTaskUITests.release.xcconfig */;
			buildSettings = {
				ALWAYS_EMBED_SWIFT_STANDARD_LIBRARIES = YES;
				CODE_SIGN_STYLE = Automatic;
				INFOPLIST_FILE = RobustaTaskUITests/Info.plist;
				LD_RUNPATH_SEARCH_PATHS = (
					"$(inherited)",
					"@executable_path/Frameworks",
					"@loader_path/Frameworks",
				);
				PRODUCT_BUNDLE_IDENTIFIER = com.RobustaTaskUITests;
				PRODUCT_NAME = "$(TARGET_NAME)";
				SWIFT_VERSION = 5.0;
				TARGETED_DEVICE_FAMILY = "1,2";
				TEST_TARGET_NAME = RobustaTask;
			};
			name = Release;
		};
/* End XCBuildConfiguration section */

/* Begin XCConfigurationList section */
		86AAC02C2633F0F5000212E7 /* Build configuration list for PBXProject "RobustaTask" */ = {
			isa = XCConfigurationList;
			buildConfigurations = (
				86AAC0592633F0F9000212E7 /* Debug */,
				86AAC05A2633F0F9000212E7 /* Release */,
			);
			defaultConfigurationIsVisible = 0;
			defaultConfigurationName = Release;
		};
		86AAC05B2633F0F9000212E7 /* Build configuration list for PBXNativeTarget "RobustaTask" */ = {
			isa = XCConfigurationList;
			buildConfigurations = (
				86AAC05C2633F0F9000212E7 /* Debug */,
				86AAC05D2633F0F9000212E7 /* Release */,
			);
			defaultConfigurationIsVisible = 0;
			defaultConfigurationName = Release;
		};
		86AAC05E2633F0F9000212E7 /* Build configuration list for PBXNativeTarget "RobustaTaskTests" */ = {
			isa = XCConfigurationList;
			buildConfigurations = (
				86AAC05F2633F0F9000212E7 /* Debug */,
				86AAC0602633F0F9000212E7 /* Release */,
			);
			defaultConfigurationIsVisible = 0;
			defaultConfigurationName = Release;
		};
		86AAC0612633F0F9000212E7 /* Build configuration list for PBXNativeTarget "RobustaTaskUITests" */ = {
			isa = XCConfigurationList;
			buildConfigurations = (
				86AAC0622633F0F9000212E7 /* Debug */,
				86AAC0632633F0F9000212E7 /* Release */,
			);
			defaultConfigurationIsVisible = 0;
			defaultConfigurationName = Release;
		};
/* End XCConfigurationList section */
	};
	rootObject = 86AAC0292633F0F5000212E7 /* Project object */;
}
